<?xml version="1.0" encoding="UTF-8"?>
<Scheme
   version = "1.3">
   <BuildAction>
      <BuildActionEntries>
         <BuildActionEntry
            buildForRunning = "YES">
            <BuildableReference
               BuildableIdentifier = "primary"
               BlueprintIdentifier = "D3AF7AB423AFABD700DD5E66"
               BuildableName = "Swift5Button.app"
               BlueprintName = "Swift5Button"
               ReferencedContainer = "container:Swift5Button.xcodeproj">
            </BuildableReference>
         </BuildActionEntry>
      </BuildActionEntries>
   </BuildAction>
   <LaunchAction
      useCustomWorkingDirectory = "NO"
      buildConfiguration = "Debug"
      allowLocationSimulation = "YES">
      <BuildableProductRunnable>
         <BuildableReference
            BuildableIdentifier = "primary"
            BlueprintIdentifier = "D3AF7AB423AFABD700DD5E66"
            BuildableName = "Swift5Button.app"
            BlueprintName = "Swift5Button"
            ReferencedContainer = "container:Swift5Button.xcodeproj">
         </BuildableReference>
      </BuildableProductRunnable>
   </LaunchAction>
</Scheme>
